
Microsoft Visual Studio Solution File, Format Version 12.00
# Visual Studio Version 17
VisualStudioVersion = 17.6.33815.320
MinimumVisualStudioVersion = 10.0.40219.1
Project("{FAE04EC0-301F-11D3-BF4B-00C04F79EFBC}") = "SchoolHRAdminstration", "SchoolHRAdminstration\SchoolHRAdminstration.csproj", "{201E7067-CE1D-416D-9ACA-AC7611FC653E}"
EndProject
Project("{FAE04EC0-301F-11D3-BF4B-00C04F79EFBC}") = "HRAdminstrationAPI", "HRAdminstrationAPI\HRAdminstrationAPI.csproj", "{0ED6CCCE-04DD-4FA6-946A-BB35264F8603}"
EndProject
Global
	GlobalSection(SolutionConfigurationPlatforms) = preSolution
		Debug|Any CPU = Debug|Any CPU
		Release|Any CPU = Release|Any CPU
	EndGlobalSection
	GlobalSection(ProjectConfigurationPlatforms) = postSolution
		{201E7067-CE1D-416D-9ACA-AC7611FC653E}.Debug|Any CPU.ActiveCfg = Debug|Any CPU
		{201E7067-CE1D-416D-9ACA-AC7611FC653E}.Debug|Any CPU.Build.0 = Debug|Any CPU
		{201E7067-CE1D-416D-9ACA-AC7611FC653E}.Release|Any CPU.ActiveCfg = Release|Any CPU
		{201E7067-CE1D-416D-9ACA-AC7611FC653E}.Release|Any CPU.Build.0 = Release|Any CPU
		{0ED6CCCE-04DD-4FA6-946A-BB35264F8603}.Debug|Any CPU.ActiveCfg = Debug|Any CPU
		{0ED6CCCE-04DD-4FA6-946A-BB35264F8603}.Debug|Any CPU.Build.0 = Debug|Any CPU
		{0ED6CCCE-04DD-4FA6-946A-BB35264F8603}.Release|Any CPU.ActiveCfg = Release|Any CPU
		{0ED6CCCE-04DD-4FA6-946A-BB35264F8603}.Release|Any CPU.Build.0 = Release|Any CPU
	EndGlobalSection
	GlobalSection(SolutionProperties) = preSolution
		HideSolutionNode = FALSE
	EndGlobalSection
	GlobalSection(ExtensibilityGlobals) = postSolution
		SolutionGuid = {6D3954BE-217D-437B-85B7-C2C7D104F0F3}
	EndGlobalSection
EndGlobal
